
Microsoft Visual Studio Solution File, Format Version 12.00
# Visual Studio Version 17
VisualStudioVersion = 17.9.34714.143
MinimumVisualStudioVersion = 10.0.40219.1
Project("{FAE04EC0-301F-11D3-BF4B-00C04F79EFBC}") = "NoSmoking.BBualdo.API", "NoSmoking.BBualdo.API\NoSmoking.BBualdo.API.csproj", "{3ACBC38A-A729-4859-9EDB-6685CC9DEDFF}"
EndProject
Global
	GlobalSection(SolutionConfigurationPlatforms) = preSolution
		Debug|Any CPU = Debug|Any CPU
		Release|Any CPU = Release|Any CPU
	EndGlobalSection
	GlobalSection(ProjectConfigurationPlatforms) = postSolution
		{3ACBC38A-A729-4859-9EDB-6685CC9DEDFF}.Debug|Any CPU.ActiveCfg = Debug|Any CPU
		{3ACBC38A-A729-4859-9EDB-6685CC9DEDFF}.Debug|Any CPU.Build.0 = Debug|Any CPU
		{3ACBC38A-A729-4859-9EDB-6685CC9DEDFF}.Release|Any CPU.ActiveCfg = Release|Any CPU
		{3ACBC38A-A729-4859-9EDB-6685CC9DEDFF}.Release|Any CPU.Build.0 = Release|Any CPU
	EndGlobalSection
	GlobalSection(SolutionProperties) = preSolution
		HideSolutionNode = FALSE
	EndGlobalSection
	GlobalSection(ExtensibilityGlobals) = postSolution
		SolutionGuid = {439A5615-3851-4252-8CD5-B9027986C953}
	EndGlobalSection
EndGlobal
