
Microsoft Visual Studio Solution File, Format Version 12.00
# Visual Studio Version 17
VisualStudioVersion = 17.14.36518.9 d17.14
MinimumVisualStudioVersion = 10.0.40219.1
Project("{FAE04EC0-301F-11D3-BF4B-00C04F79EFBC}") = "CoffeeTracker.Api", "CoffeeTracker\CoffeeTracker.Api.csproj", "{8E4EA7E0-5138-4C07-AED0-3BAEE9F42AFD}"
EndProject
Global
	GlobalSection(SolutionConfigurationPlatforms) = preSolution
		Debug|Any CPU = Debug|Any CPU
		Release|Any CPU = Release|Any CPU
	EndGlobalSection
	GlobalSection(ProjectConfigurationPlatforms) = postSolution
		{8E4EA7E0-5138-4C07-AED0-3BAEE9F42AFD}.Debug|Any CPU.ActiveCfg = Debug|Any CPU
		{8E4EA7E0-5138-4C07-AED0-3BAEE9F42AFD}.Debug|Any CPU.Build.0 = Debug|Any CPU
		{8E4EA7E0-5138-4C07-AED0-3BAEE9F42AFD}.Release|Any CPU.ActiveCfg = Release|Any CPU
		{8E4EA7E0-5138-4C07-AED0-3BAEE9F42AFD}.Release|Any CPU.Build.0 = Release|Any CPU
	EndGlobalSection
	GlobalSection(SolutionProperties) = preSolution
		HideSolutionNode = FALSE
	EndGlobalSection
	GlobalSection(ExtensibilityGlobals) = postSolution
		SolutionGuid = {5A364022-D144-42E1-A3BE-B8C3B542ABF0}
	EndGlobalSection
EndGlobal
